
Microsoft Visual Studio Solution File, Format Version 12.00
# Visual Studio Version 16
VisualStudioVersion = 16.0.30503.244
MinimumVisualStudioVersion = 10.0.40219.1
Project("{FAE04EC0-301F-11D3-BF4B-00C04F79EFBC}") = "Practica5", "Practica5\Practica5.csproj", "{8960D946-38E7-40F4-ABF2-0F8F6E492D05}"
EndProject
Global
	GlobalSection(SolutionConfigurationPlatforms) = preSolution
		Debug|Any CPU = Debug|Any CPU
		Release|Any CPU = Release|Any CPU
	EndGlobalSection
	GlobalSection(ProjectConfigurationPlatforms) = postSolution
		{8960D946-38E7-40F4-ABF2-0F8F6E492D05}.Debug|Any CPU.ActiveCfg = Debug|Any CPU
		{8960D946-38E7-40F4-ABF2-0F8F6E492D05}.Debug|Any CPU.Build.0 = Debug|Any CPU
		{8960D946-38E7-40F4-ABF2-0F8F6E492D05}.Release|Any CPU.ActiveCfg = Release|Any CPU
		{8960D946-38E7-40F4-ABF2-0F8F6E492D05}.Release|Any CPU.Build.0 = Release|Any CPU
	EndGlobalSection
	GlobalSection(SolutionProperties) = preSolution
		HideSolutionNode = FALSE
	EndGlobalSection
	GlobalSection(ExtensibilityGlobals) = postSolution
		SolutionGuid = {DE7E4A73-9A93-4129-BEE3-16D91DD14396}
	EndGlobalSection
EndGlobal
